github.com/grafov/m3u8 v0.11.1 h1:igZ7EBIB2IAsPPazKwRKdbhxcoBKO3lO1UY57PZDeNA=
github.com/grafov/m3u8 v0.11.1/go.mod h1:nqzOkfBiZJENr52zTVd/Dcl03yzphIMbJqkXGu+u080=
github.com/sunshineplan/gohttp v1.0.3 h1:HChCDluQzfRNPcjxG6VLK5Kn/zxWbh/FLZXyNn3E+5I=
github.com/sunshineplan/gohttp v1.0.3/go.mod h1:6ETpgffOt/gQjfgRonc61WrwqJyybczDiaiLY6DCTho=
github.com/sunshineplan/utils v0.0.28 h1:/GwRvk4TjKS6cK70iWJbgnM0E/xB5/bJnyXrkctfKeU=
github.com/sunshineplan/utils v0.0.28/go.mod h1:95AdNDzwlNcOSwYsCEFIzDOC/osnR3EnIeE5UmbN/SE=
golang.org/x/net v0.0.0-20211208000202-04296fa82e83 h1:mfTgaSp8OlMh7Fswkf4bUirzDYYy9r+aDoH1RtOv4dc=
golang.org/x/net v0.0.0-20211208000202-04296fa82e83/go.mod h1:9nx3DQGgdP8bBQD5qxJ1jj9UTztislL4KSBs9R2vV5Y=
golang.org/x/sys v0.0.0-20201119102817-f84b799fce68/go.mod h1:h1NjWce9XRLGQEsW7wpKNCjG9DtNlClVuFLEZdDNbEs=
golang.org/x/sys v0.0.0-20210423082822-04245dca01da/go.mod h1:h1NjWce9XRLGQEsW7wpKNCjG9DtNlClVuFLEZdDNbEs=
golang.org/x/term v0.0.0-20201126162022-7de9c90e9dd1/go.mod h1:bj7SfCRtBDWHUb9snDiAeCFNEtKQo2Wmx5Cou7ajbmo=
golang.org/x/text v0.3.6/go.mod h1:5Zoc/QRtKVWzQhOtBMvqHzDpF6irO9z98xDceosuGiQ=
golang.org/x/tools v0.0.0-20180917221912-90fa682c2a6e/go.mod h1:n7NCudcB/nEzxVGmLbDWY5pfWTLqBcC2KZ6jyYvM4mQ=
